
Microsoft Visual Studio Solution File, Format Version 12.00
# Visual Studio Version 17
VisualStudioVersion = 17.7.34202.233
MinimumVisualStudioVersion = 10.0.40219.1
Project("{9A19103F-16F7-4668-BE54-9A1E7A4F7556}") = "AppConsole", "AppConsole\AppConsole.csproj", "{CEBBACA4-B3F3-4A20-9AAB-2E3486A8A4CF}"
EndProject
Project("{9A19103F-16F7-4668-BE54-9A1E7A4F7556}") = "Comex", "Comex\Comex.csproj", "{D42BAB10-DAD7-442B-A6AF-E50851E201E6}"
EndProject
Project("{9A19103F-16F7-4668-BE54-9A1E7A4F7556}") = "Comex.Modelos", "Comex.Modelos\Comex.Modelos.csproj", "{8E8A0E27-59D6-46E7-BBC2-3B79154DE1BA}"
EndProject
Project("{FAE04EC0-301F-11D3-BF4B-00C04F79EFBC}") = "Comex.Testes", "Comex.Testes\Comex.Testes.csproj", "{CC060F40-C124-43ED-8918-DC146E4AB810}"
EndProject
Global
	GlobalSection(SolutionConfigurationPlatforms) = preSolution
		Debug|Any CPU = Debug|Any CPU
		Release|Any CPU = Release|Any CPU
	EndGlobalSection
	GlobalSection(ProjectConfigurationPlatforms) = postSolution
		{CEBBACA4-B3F3-4A20-9AAB-2E3486A8A4CF}.Debug|Any CPU.ActiveCfg = Debug|Any CPU
		{CEBBACA4-B3F3-4A20-9AAB-2E3486A8A4CF}.Debug|Any CPU.Build.0 = Debug|Any CPU
		{CEBBACA4-B3F3-4A20-9AAB-2E3486A8A4CF}.Release|Any CPU.ActiveCfg = Release|Any CPU
		{CEBBACA4-B3F3-4A20-9AAB-2E3486A8A4CF}.Release|Any CPU.Build.0 = Release|Any CPU
		{D42BAB10-DAD7-442B-A6AF-E50851E201E6}.Debug|Any CPU.ActiveCfg = Debug|Any CPU
		{D42BAB10-DAD7-442B-A6AF-E50851E201E6}.Debug|Any CPU.Build.0 = Debug|Any CPU
		{D42BAB10-DAD7-442B-A6AF-E50851E201E6}.Release|Any CPU.ActiveCfg = Release|Any CPU
		{D42BAB10-DAD7-442B-A6AF-E50851E201E6}.Release|Any CPU.Build.0 = Release|Any CPU
		{8E8A0E27-59D6-46E7-BBC2-3B79154DE1BA}.Debug|Any CPU.ActiveCfg = Debug|Any CPU
		{8E8A0E27-59D6-46E7-BBC2-3B79154DE1BA}.Debug|Any CPU.Build.0 = Debug|Any CPU
		{8E8A0E27-59D6-46E7-BBC2-3B79154DE1BA}.Release|Any CPU.ActiveCfg = Release|Any CPU
		{8E8A0E27-59D6-46E7-BBC2-3B79154DE1BA}.Release|Any CPU.Build.0 = Release|Any CPU
		{CC060F40-C124-43ED-8918-DC146E4AB810}.Debug|Any CPU.ActiveCfg = Debug|Any CPU
		{CC060F40-C124-43ED-8918-DC146E4AB810}.Debug|Any CPU.Build.0 = Debug|Any CPU
		{CC060F40-C124-43ED-8918-DC146E4AB810}.Release|Any CPU.ActiveCfg = Release|Any CPU
		{CC060F40-C124-43ED-8918-DC146E4AB810}.Release|Any CPU.Build.0 = Release|Any CPU
	EndGlobalSection
	GlobalSection(SolutionProperties) = preSolution
		HideSolutionNode = FALSE
	EndGlobalSection
	GlobalSection(ExtensibilityGlobals) = postSolution
		SolutionGuid = {91A2ABAA-6F39-46F9-B0B9-B69A35771B79}
	EndGlobalSection
EndGlobal
